// !$*UTF8*$!
{
	archiveVersion = 1;
	classes = {
	};
	objectVersion = 46;
	objects = {

/* Begin PBXAggregateTarget section */
		"MockSwift::MockSwiftPackageTests::ProductTarget" /* MockSwiftPackageTests */ = {
			isa = PBXAggregateTarget;
			buildConfigurationList = OBJ_50 /* Build configuration list for PBXAggregateTarget "MockSwiftPackageTests" */;
			buildPhases = (
			);
			dependencies = (
				OBJ_53 /* PBXTargetDependency */,
			);
			name = MockSwiftPackageTests;
			productName = MockSwiftPackageTests;
		};
/* End PBXAggregateTarget section */

/* Begin PBXBuildFile section */
		9E00715A2304007700F040F4 /* PredicateComparableTests.swift in Sources */ = {isa = PBXBuildFile; fileRef = 9E0071592304007700F040F4 /* PredicateComparableTests.swift */; };
		9E00715C230403DC00F040F4 /* MockThenIntegrationTests.swift in Sources */ = {isa = PBXBuildFile; fileRef = 9E00715B230403DC00F040F4 /* MockThenIntegrationTests.swift */; };
		9E00715F230406B300F040F4 /* FunctionCallRegisterTests.swift in Sources */ = {isa = PBXBuildFile; fileRef = 9E00715E230406B300F040F4 /* FunctionCallRegisterTests.swift */; };
		9E2372E6230070DD0083396B /* AnyPredicateMock.swift in Sources */ = {isa = PBXBuildFile; fileRef = 9E2372E5230070DD0083396B /* AnyPredicateMock.swift */; };
		9E2372E823014A770083396B /* FunctionBehaviourRegister.swift in Sources */ = {isa = PBXBuildFile; fileRef = 9E2372E723014A770083396B /* FunctionBehaviourRegister.swift */; };
		9E2F051D22FAF1B900E04F34 /* FunctionBehaviourRegisterTests.swift in Sources */ = {isa = PBXBuildFile; fileRef = 9E2F051C22FAF1B900E04F34 /* FunctionBehaviourRegisterTests.swift */; };
		9E2F052022FAF54E00E04F34 /* FunctionIdentifierStub.swift in Sources */ = {isa = PBXBuildFile; fileRef = 9E2F051F22FAF54E00E04F34 /* FunctionIdentifierStub.swift */; };
		9E2F052222FB32A600E04F34 /* DefaultFunctionBehaviour.swift in Sources */ = {isa = PBXBuildFile; fileRef = 9E2F052122FB32A600E04F34 /* DefaultFunctionBehaviour.swift */; };
		9E2F052422FB32B200E04F34 /* Behaviour.swift in Sources */ = {isa = PBXBuildFile; fileRef = 9E2F052322FB32B200E04F34 /* Behaviour.swift */; };
		9E2F052622FB354C00E04F34 /* FunctionBehaviourTests.swift in Sources */ = {isa = PBXBuildFile; fileRef = 9E2F052522FB354C00E04F34 /* FunctionBehaviourTests.swift */; };
		9E2F052822FB357F00E04F34 /* DefaultFunctionBehaviourTests.swift in Sources */ = {isa = PBXBuildFile; fileRef = 9E2F052722FB357F00E04F34 /* DefaultFunctionBehaviourTests.swift */; };
		9E79EBCC2350E0FA00979D90 /* ErrorHandler.swift in Sources */ = {isa = PBXBuildFile; fileRef = 9E79EBCB2350E0FA00979D90 /* ErrorHandler.swift */; };
		9E79EBCE23545F2500979D90 /* ErrorHandlerMock.swift in Sources */ = {isa = PBXBuildFile; fileRef = 9E79EBCD23545F2500979D90 /* ErrorHandlerMock.swift */; };
		9E79EBD023549C0C00979D90 /* MockGivenTests.swift in Sources */ = {isa = PBXBuildFile; fileRef = 9E79EBCF23549C0C00979D90 /* MockGivenTests.swift */; };
		9E79EBD22354C54E00979D90 /* MockThenTests.swift in Sources */ = {isa = PBXBuildFile; fileRef = 9E79EBD12354C54E00979D90 /* MockThenTests.swift */; };
		9E79EBD52355DB2F00979D90 /* InternalErrorTests.swift in Sources */ = {isa = PBXBuildFile; fileRef = 9E79EBD42355DB2F00979D90 /* InternalErrorTests.swift */; };
		9EA55224230D661E00E82139 /* FailureRecorderMock.swift in Sources */ = {isa = PBXBuildFile; fileRef = 9EA55223230D661E00E82139 /* FailureRecorderMock.swift */; };
		9EA55226230D6F9C00E82139 /* XCTestFailureRecorder.swift in Sources */ = {isa = PBXBuildFile; fileRef = 9EA55225230D6F9C00E82139 /* XCTestFailureRecorder.swift */; };
		9EA55228230D93D200E82139 /* FunctionIdentifierTests.swift in Sources */ = {isa = PBXBuildFile; fileRef = 9EA55227230D93D200E82139 /* FunctionIdentifierTests.swift */; };
		9EA5D1502301DA6E006F0A28 /* Predicate.swift in Sources */ = {isa = PBXBuildFile; fileRef = 9EA5D14F2301DA6E006F0A28 /* Predicate.swift */; };
		9EA5D1532301DABB006F0A28 /* PredicateTests.swift in Sources */ = {isa = PBXBuildFile; fileRef = 9EA5D1522301DABB006F0A28 /* PredicateTests.swift */; };
		9EA5D1552301DE3F006F0A28 /* AnyPredicate+Equatable.swift in Sources */ = {isa = PBXBuildFile; fileRef = 9EA5D1542301DE3F006F0A28 /* AnyPredicate+Equatable.swift */; };
		9EA5D1572301DE6F006F0A28 /* AnyPredicateEquatableTests.swift in Sources */ = {isa = PBXBuildFile; fileRef = 9EA5D1562301DE6F006F0A28 /* AnyPredicateEquatableTests.swift */; };
		9EA5D1592301E43B006F0A28 /* MockGivenIntegrationTests.swift in Sources */ = {isa = PBXBuildFile; fileRef = 9EA5D1582301E43B006F0A28 /* MockGivenIntegrationTests.swift */; };
		9EA5D15B2302EDD2006F0A28 /* MockThen.swift in Sources */ = {isa = PBXBuildFile; fileRef = 9EA5D15A2302EDD2006F0A28 /* MockThen.swift */; };
		9EA5D15D2302EE7B006F0A28 /* Verifiable.swift in Sources */ = {isa = PBXBuildFile; fileRef = 9EA5D15C2302EE7B006F0A28 /* Verifiable.swift */; };
		9EA5D15F2302EEAC006F0A28 /* VerifiableTests.swift in Sources */ = {isa = PBXBuildFile; fileRef = 9EA5D15E2302EEAC006F0A28 /* VerifiableTests.swift */; };
		9EA5D1612302FCB7006F0A28 /* FunctionCallRegister.swift in Sources */ = {isa = PBXBuildFile; fileRef = 9EA5D1602302FCB7006F0A28 /* FunctionCallRegister.swift */; };
		9EA5D1632303F130006F0A28 /* Predicate+Comparable.swift in Sources */ = {isa = PBXBuildFile; fileRef = 9EA5D1622303F130006F0A28 /* Predicate+Comparable.swift */; };
		9EAC378D234378DD00281F7B /* ParameterType.swift in Sources */ = {isa = PBXBuildFile; fileRef = 9EAC378C234378DD00281F7B /* ParameterType.swift */; };
		9EAC3791234A25B000281F7B /* Predicate+Bool.swift in Sources */ = {isa = PBXBuildFile; fileRef = 9EAC3790234A25B000281F7B /* Predicate+Bool.swift */; };
		9EAC3792234A25B800281F7B /* PredicateBoolTests.swift in Sources */ = {isa = PBXBuildFile; fileRef = 9EAC378E234A248D00281F7B /* PredicateBoolTests.swift */; };
		9EAC3794234BA23F00281F7B /* Predicate+Optional.swift in Sources */ = {isa = PBXBuildFile; fileRef = 9EAC3793234BA23F00281F7B /* Predicate+Optional.swift */; };
		9EAC3796234BA25A00281F7B /* PredicateOptionalTests.swift in Sources */ = {isa = PBXBuildFile; fileRef = 9EAC3795234BA25A00281F7B /* PredicateOptionalTests.swift */; };
		9EB5542422FDDDEB00449662 /* MockDefaults.swift in Sources */ = {isa = PBXBuildFile; fileRef = 9EB5542322FDDDEB00449662 /* MockDefaults.swift */; };
		9EB5542622FDDF2C00449662 /* MockDefaultExtensionTests.swift in Sources */ = {isa = PBXBuildFile; fileRef = 9EB5542522FDDF2C00449662 /* MockDefaultExtensionTests.swift */; };
		9EB5542B22FDE44300449662 /* MockDefaultIntegrationTests.swift in Sources */ = {isa = PBXBuildFile; fileRef = 9EB5542A22FDE44300449662 /* MockDefaultIntegrationTests.swift */; };
		9EB5542F2300591500449662 /* MockGiven.swift in Sources */ = {isa = PBXBuildFile; fileRef = 9EB5542E2300591500449662 /* MockGiven.swift */; };
		9EB55432230059D800449662 /* AnyPredicate.swift in Sources */ = {isa = PBXBuildFile; fileRef = 9EB55431230059D800449662 /* AnyPredicate.swift */; };
		9EB5543423005A2900449662 /* Mockable.swift in Sources */ = {isa = PBXBuildFile; fileRef = 9EB5543323005A2900449662 /* Mockable.swift */; };
		9EB5543623005BB000449662 /* MockableTests.swift in Sources */ = {isa = PBXBuildFile; fileRef = 9EB5543523005BB000449662 /* MockableTests.swift */; };
		9ED0E95F230C173D008D2329 /* FailureRecorder.swift in Sources */ = {isa = PBXBuildFile; fileRef = 9ED0E95E230C173D008D2329 /* FailureRecorder.swift */; };
		OBJ_36 /* BehaviourRegister.swift in Sources */ = {isa = PBXBuildFile; fileRef = OBJ_10 /* BehaviourRegister.swift */; };
		OBJ_37 /* CallRegister.swift in Sources */ = {isa = PBXBuildFile; fileRef = OBJ_11 /* CallRegister.swift */; };
		OBJ_38 /* FunctionBehaviour.swift in Sources */ = {isa = PBXBuildFile; fileRef = OBJ_12 /* FunctionBehaviour.swift */; };
		OBJ_39 /* FunctionCall.swift in Sources */ = {isa = PBXBuildFile; fileRef = OBJ_13 /* FunctionCall.swift */; };
		OBJ_40 /* FunctionIdentifier.swift in Sources */ = {isa = PBXBuildFile; fileRef = OBJ_14 /* FunctionIdentifier.swift */; };
		OBJ_41 /* Mock.swift in Sources */ = {isa = PBXBuildFile; fileRef = OBJ_15 /* Mock.swift */; };
		OBJ_48 /* Package.swift in Sources */ = {isa = PBXBuildFile; fileRef = OBJ_6 /* Package.swift */; };
		OBJ_59 /* MockTests.swift in Sources */ = {isa = PBXBuildFile; fileRef = OBJ_19 /* MockTests.swift */; };
		OBJ_60 /* BehaviourRegisterMock.swift in Sources */ = {isa = PBXBuildFile; fileRef = OBJ_21 /* BehaviourRegisterMock.swift */; };
		OBJ_61 /* CallRegisterMock.swift in Sources */ = {isa = PBXBuildFile; fileRef = OBJ_22 /* CallRegisterMock.swift */; };
		OBJ_62 /* XCTestManifests.swift in Sources */ = {isa = PBXBuildFile; fileRef = OBJ_23 /* XCTestManifests.swift */; };
		OBJ_64 /* MockSwift.framework in Frameworks */ = {isa = PBXBuildFile; fileRef = "MockSwift::MockSwift::Product" /* MockSwift.framework */; };
/* End PBXBuildFile section */

/* Begin PBXContainerItemProxy section */
		9EBF806C22FAC06600C283B9 /* PBXContainerItemProxy */ = {
			isa = PBXContainerItemProxy;
			containerPortal = OBJ_1 /* Project object */;
			proxyType = 1;
			remoteGlobalIDString = "MockSwift::MockSwift";
			remoteInfo = MockSwift;
		};
		9EBF806D22FAC06600C283B9 /* PBXContainerItemProxy */ = {
			isa = PBXContainerItemProxy;
			containerPortal = OBJ_1 /* Project object */;
			proxyType = 1;
			remoteGlobalIDString = "MockSwift::MockSwiftTests";
			remoteInfo = MockSwiftTests;
		};
/* End PBXContainerItemProxy section */

/* Begin PBXFileReference section */
		9E0071592304007700F040F4 /* PredicateComparableTests.swift */ = {isa = PBXFileReference; lastKnownFileType = sourcecode.swift; path = PredicateComparableTests.swift; sourceTree = "<group>"; };
		9E00715B230403DC00F040F4 /* MockThenIntegrationTests.swift */ = {isa = PBXFileReference; lastKnownFileType = sourcecode.swift; path = MockThenIntegrationTests.swift; sourceTree = "<group>"; };
		9E00715E230406B300F040F4 /* FunctionCallRegisterTests.swift */ = {isa = PBXFileReference; lastKnownFileType = sourcecode.swift; path = FunctionCallRegisterTests.swift; sourceTree = "<group>"; };
		9E2372E5230070DD0083396B /* AnyPredicateMock.swift */ = {isa = PBXFileReference; lastKnownFileType = sourcecode.swift; path = AnyPredicateMock.swift; sourceTree = "<group>"; };
		9E2372E723014A770083396B /* FunctionBehaviourRegister.swift */ = {isa = PBXFileReference; lastKnownFileType = sourcecode.swift; path = FunctionBehaviourRegister.swift; sourceTree = "<group>"; };
		9E2F051C22FAF1B900E04F34 /* FunctionBehaviourRegisterTests.swift */ = {isa = PBXFileReference; lastKnownFileType = sourcecode.swift; path = FunctionBehaviourRegisterTests.swift; sourceTree = "<group>"; };
		9E2F051F22FAF54E00E04F34 /* FunctionIdentifierStub.swift */ = {isa = PBXFileReference; lastKnownFileType = sourcecode.swift; path = FunctionIdentifierStub.swift; sourceTree = "<group>"; };
		9E2F052122FB32A600E04F34 /* DefaultFunctionBehaviour.swift */ = {isa = PBXFileReference; lastKnownFileType = sourcecode.swift; path = DefaultFunctionBehaviour.swift; sourceTree = "<group>"; };
		9E2F052322FB32B200E04F34 /* Behaviour.swift */ = {isa = PBXFileReference; lastKnownFileType = sourcecode.swift; path = Behaviour.swift; sourceTree = "<group>"; };
		9E2F052522FB354C00E04F34 /* FunctionBehaviourTests.swift */ = {isa = PBXFileReference; lastKnownFileType = sourcecode.swift; path = FunctionBehaviourTests.swift; sourceTree = "<group>"; };
		9E2F052722FB357F00E04F34 /* DefaultFunctionBehaviourTests.swift */ = {isa = PBXFileReference; lastKnownFileType = sourcecode.swift; path = DefaultFunctionBehaviourTests.swift; sourceTree = "<group>"; };
		9E79EBCB2350E0FA00979D90 /* ErrorHandler.swift */ = {isa = PBXFileReference; lastKnownFileType = sourcecode.swift; path = ErrorHandler.swift; sourceTree = "<group>"; };
		9E79EBCD23545F2500979D90 /* ErrorHandlerMock.swift */ = {isa = PBXFileReference; lastKnownFileType = sourcecode.swift; path = ErrorHandlerMock.swift; sourceTree = "<group>"; };
		9E79EBCF23549C0C00979D90 /* MockGivenTests.swift */ = {isa = PBXFileReference; lastKnownFileType = sourcecode.swift; path = MockGivenTests.swift; sourceTree = "<group>"; };
		9E79EBD12354C54E00979D90 /* MockThenTests.swift */ = {isa = PBXFileReference; lastKnownFileType = sourcecode.swift; path = MockThenTests.swift; sourceTree = "<group>"; };
		9E79EBD42355DB2F00979D90 /* InternalErrorTests.swift */ = {isa = PBXFileReference; lastKnownFileType = sourcecode.swift; path = InternalErrorTests.swift; sourceTree = "<group>"; };
		9E7C0AFA232010180061BD9B /* MockSwift.stencil */ = {isa = PBXFileReference; lastKnownFileType = text; path = MockSwift.stencil; sourceTree = "<group>"; };
		9EA55223230D661E00E82139 /* FailureRecorderMock.swift */ = {isa = PBXFileReference; lastKnownFileType = sourcecode.swift; path = FailureRecorderMock.swift; sourceTree = "<group>"; };
		9EA55225230D6F9C00E82139 /* XCTestFailureRecorder.swift */ = {isa = PBXFileReference; lastKnownFileType = sourcecode.swift; path = XCTestFailureRecorder.swift; sourceTree = "<group>"; };
		9EA55227230D93D200E82139 /* FunctionIdentifierTests.swift */ = {isa = PBXFileReference; lastKnownFileType = sourcecode.swift; path = FunctionIdentifierTests.swift; sourceTree = "<group>"; };
		9EA5D14F2301DA6E006F0A28 /* Predicate.swift */ = {isa = PBXFileReference; lastKnownFileType = sourcecode.swift; path = Predicate.swift; sourceTree = "<group>"; };
		9EA5D1522301DABB006F0A28 /* PredicateTests.swift */ = {isa = PBXFileReference; lastKnownFileType = sourcecode.swift; path = PredicateTests.swift; sourceTree = "<group>"; };
		9EA5D1542301DE3F006F0A28 /* AnyPredicate+Equatable.swift */ = {isa = PBXFileReference; lastKnownFileType = sourcecode.swift; path = "AnyPredicate+Equatable.swift"; sourceTree = "<group>"; };
		9EA5D1562301DE6F006F0A28 /* AnyPredicateEquatableTests.swift */ = {isa = PBXFileReference; lastKnownFileType = sourcecode.swift; path = AnyPredicateEquatableTests.swift; sourceTree = "<group>"; };
		9EA5D1582301E43B006F0A28 /* MockGivenIntegrationTests.swift */ = {isa = PBXFileReference; lastKnownFileType = sourcecode.swift; path = MockGivenIntegrationTests.swift; sourceTree = "<group>"; };
		9EA5D15A2302EDD2006F0A28 /* MockThen.swift */ = {isa = PBXFileReference; lastKnownFileType = sourcecode.swift; path = MockThen.swift; sourceTree = "<group>"; };
		9EA5D15C2302EE7B006F0A28 /* Verifiable.swift */ = {isa = PBXFileReference; lastKnownFileType = sourcecode.swift; path = Verifiable.swift; sourceTree = "<group>"; };
		9EA5D15E2302EEAC006F0A28 /* VerifiableTests.swift */ = {isa = PBXFileReference; lastKnownFileType = sourcecode.swift; path = VerifiableTests.swift; sourceTree = "<group>"; };
		9EA5D1602302FCB7006F0A28 /* FunctionCallRegister.swift */ = {isa = PBXFileReference; lastKnownFileType = sourcecode.swift; path = FunctionCallRegister.swift; sourceTree = "<group>"; };
		9EA5D1622303F130006F0A28 /* Predicate+Comparable.swift */ = {isa = PBXFileReference; lastKnownFileType = sourcecode.swift; path = "Predicate+Comparable.swift"; sourceTree = "<group>"; };
		9EA77EF4230EE7C900DAE694 /* CONTRIBUTING.md */ = {isa = PBXFileReference; lastKnownFileType = net.daringfireball.markdown; path = CONTRIBUTING.md; sourceTree = "<group>"; };
		9EA77EF5230EE7C900DAE694 /* CHANGELOG.md */ = {isa = PBXFileReference; lastKnownFileType = net.daringfireball.markdown; path = CHANGELOG.md; sourceTree = "<group>"; };
		9EAC378C234378DD00281F7B /* ParameterType.swift */ = {isa = PBXFileReference; lastKnownFileType = sourcecode.swift; path = ParameterType.swift; sourceTree = "<group>"; };
		9EAC378E234A248D00281F7B /* PredicateBoolTests.swift */ = {isa = PBXFileReference; lastKnownFileType = sourcecode.swift; path = PredicateBoolTests.swift; sourceTree = "<group>"; };
		9EAC3790234A25B000281F7B /* Predicate+Bool.swift */ = {isa = PBXFileReference; lastKnownFileType = sourcecode.swift; path = "Predicate+Bool.swift"; sourceTree = "<group>"; };
		9EAC3793234BA23F00281F7B /* Predicate+Optional.swift */ = {isa = PBXFileReference; lastKnownFileType = sourcecode.swift; path = "Predicate+Optional.swift"; sourceTree = "<group>"; };
		9EAC3795234BA25A00281F7B /* PredicateOptionalTests.swift */ = {isa = PBXFileReference; lastKnownFileType = sourcecode.swift; path = PredicateOptionalTests.swift; sourceTree = "<group>"; };
		9EB5542322FDDDEB00449662 /* MockDefaults.swift */ = {isa = PBXFileReference; lastKnownFileType = sourcecode.swift; path = MockDefaults.swift; sourceTree = "<group>"; };
		9EB5542522FDDF2C00449662 /* MockDefaultExtensionTests.swift */ = {isa = PBXFileReference; lastKnownFileType = sourcecode.swift; path = MockDefaultExtensionTests.swift; sourceTree = "<group>"; };
		9EB5542A22FDE44300449662 /* MockDefaultIntegrationTests.swift */ = {isa = PBXFileReference; lastKnownFileType = sourcecode.swift; path = MockDefaultIntegrationTests.swift; sourceTree = "<group>"; };
		9EB5542E2300591500449662 /* MockGiven.swift */ = {isa = PBXFileReference; lastKnownFileType = sourcecode.swift; path = MockGiven.swift; sourceTree = "<group>"; };
		9EB55431230059D800449662 /* AnyPredicate.swift */ = {isa = PBXFileReference; lastKnownFileType = sourcecode.swift; path = AnyPredicate.swift; sourceTree = "<group>"; };
		9EB5543323005A2900449662 /* Mockable.swift */ = {isa = PBXFileReference; lastKnownFileType = sourcecode.swift; path = Mockable.swift; sourceTree = "<group>"; };
		9EB5543523005BB000449662 /* MockableTests.swift */ = {isa = PBXFileReference; lastKnownFileType = sourcecode.swift; path = MockableTests.swift; sourceTree = "<group>"; };
		9ED0E95E230C173D008D2329 /* FailureRecorder.swift */ = {isa = PBXFileReference; lastKnownFileType = sourcecode.swift; path = FailureRecorder.swift; sourceTree = "<group>"; };
		"MockSwift::MockSwift::Product" /* MockSwift.framework */ = {isa = PBXFileReference; explicitFileType = wrapper.framework; path = MockSwift.framework; sourceTree = BUILT_PRODUCTS_DIR; };
		"MockSwift::MockSwiftTests::Product" /* MockSwiftTests.xctest */ = {isa = PBXFileReference; lastKnownFileType = file; path = MockSwiftTests.xctest; sourceTree = BUILT_PRODUCTS_DIR; };
		OBJ_10 /* BehaviourRegister.swift */ = {isa = PBXFileReference; lastKnownFileType = sourcecode.swift; path = BehaviourRegister.swift; sourceTree = "<group>"; };
		OBJ_11 /* CallRegister.swift */ = {isa = PBXFileReference; lastKnownFileType = sourcecode.swift; path = CallRegister.swift; sourceTree = "<group>"; };
		OBJ_12 /* FunctionBehaviour.swift */ = {isa = PBXFileReference; lastKnownFileType = sourcecode.swift; path = FunctionBehaviour.swift; sourceTree = "<group>"; };
		OBJ_13 /* FunctionCall.swift */ = {isa = PBXFileReference; lastKnownFileType = sourcecode.swift; path = FunctionCall.swift; sourceTree = "<group>"; };
		OBJ_14 /* FunctionIdentifier.swift */ = {isa = PBXFileReference; lastKnownFileType = sourcecode.swift; path = FunctionIdentifier.swift; sourceTree = "<group>"; };
		OBJ_15 /* Mock.swift */ = {isa = PBXFileReference; lastKnownFileType = sourcecode.swift; path = Mock.swift; sourceTree = "<group>"; };
		OBJ_19 /* MockTests.swift */ = {isa = PBXFileReference; lastKnownFileType = sourcecode.swift; path = MockTests.swift; sourceTree = "<group>"; };
		OBJ_21 /* BehaviourRegisterMock.swift */ = {isa = PBXFileReference; lastKnownFileType = sourcecode.swift; path = BehaviourRegisterMock.swift; sourceTree = "<group>"; };
		OBJ_22 /* CallRegisterMock.swift */ = {isa = PBXFileReference; lastKnownFileType = sourcecode.swift; path = CallRegisterMock.swift; sourceTree = "<group>"; };
		OBJ_23 /* XCTestManifests.swift */ = {isa = PBXFileReference; lastKnownFileType = sourcecode.swift; path = XCTestManifests.swift; sourceTree = "<group>"; };
		OBJ_29 /* LICENSE */ = {isa = PBXFileReference; lastKnownFileType = text; path = LICENSE; sourceTree = "<group>"; };
		OBJ_30 /* README.md */ = {isa = PBXFileReference; lastKnownFileType = net.daringfireball.markdown; path = README.md; sourceTree = "<group>"; };
		OBJ_6 /* Package.swift */ = {isa = PBXFileReference; explicitFileType = sourcecode.swift; path = Package.swift; sourceTree = "<group>"; };
/* End PBXFileReference section */

/* Begin PBXFrameworksBuildPhase section */
		OBJ_42 /* Frameworks */ = {
			isa = PBXFrameworksBuildPhase;
			buildActionMask = 0;
			files = (
			);
			runOnlyForDeploymentPostprocessing = 0;
		};
		OBJ_63 /* Frameworks */ = {
			isa = PBXFrameworksBuildPhase;
			buildActionMask = 0;
			files = (
				OBJ_64 /* MockSwift.framework in Frameworks */,
			);
			runOnlyForDeploymentPostprocessing = 0;
		};
/* End PBXFrameworksBuildPhase section */

/* Begin PBXGroup section */
		9E00715D2304069600F040F4 /* Calls */ = {
			isa = PBXGroup;
			children = (
				9E00715E230406B300F040F4 /* FunctionCallRegisterTests.swift */,
			);
			path = Calls;
			sourceTree = "<group>";
		};
		9E2F051622FAEE3200E04F34 /* Helpers */ = {
			isa = PBXGroup;
			children = (
				9E2F051E22FAF53400E04F34 /* Stubs */,
				OBJ_20 /* Mocks */,
			);
			path = Helpers;
			sourceTree = "<group>";
		};
		9E2F051722FAEED700E04F34 /* Functions */ = {
			isa = PBXGroup;
			children = (
				9E2F051922FAF01B00E04F34 /* Calls */,
				9E2F051822FAF00800E04F34 /* Behaviours */,
				OBJ_14 /* FunctionIdentifier.swift */,
			);
			path = Functions;
			sourceTree = "<group>";
		};
		9E2F051822FAF00800E04F34 /* Behaviours */ = {
			isa = PBXGroup;
			children = (
				OBJ_12 /* FunctionBehaviour.swift */,
				OBJ_10 /* BehaviourRegister.swift */,
				9E2F052122FB32A600E04F34 /* DefaultFunctionBehaviour.swift */,
				9E2F052322FB32B200E04F34 /* Behaviour.swift */,
				9EB5542322FDDDEB00449662 /* MockDefaults.swift */,
				9E2372E723014A770083396B /* FunctionBehaviourRegister.swift */,
			);
			path = Behaviours;
			sourceTree = "<group>";
		};
		9E2F051922FAF01B00E04F34 /* Calls */ = {
			isa = PBXGroup;
			children = (
				OBJ_13 /* FunctionCall.swift */,
				OBJ_11 /* CallRegister.swift */,
				9EA5D1602302FCB7006F0A28 /* FunctionCallRegister.swift */,
			);
			path = Calls;
			sourceTree = "<group>";
		};
		9E2F051A22FAF19600E04F34 /* Functions */ = {
			isa = PBXGroup;
			children = (
				9E00715D2304069600F040F4 /* Calls */,
				9E2F051B22FAF19C00E04F34 /* Behaviour */,
				9EA55227230D93D200E82139 /* FunctionIdentifierTests.swift */,
			);
			path = Functions;
			sourceTree = "<group>";
		};
		9E2F051B22FAF19C00E04F34 /* Behaviour */ = {
			isa = PBXGroup;
			children = (
				9E2F051C22FAF1B900E04F34 /* FunctionBehaviourRegisterTests.swift */,
				9E2F052522FB354C00E04F34 /* FunctionBehaviourTests.swift */,
				9E2F052722FB357F00E04F34 /* DefaultFunctionBehaviourTests.swift */,
				9EB5542522FDDF2C00449662 /* MockDefaultExtensionTests.swift */,
			);
			path = Behaviour;
			sourceTree = "<group>";
		};
		9E2F051E22FAF53400E04F34 /* Stubs */ = {
			isa = PBXGroup;
			children = (
				9E2F051F22FAF54E00E04F34 /* FunctionIdentifierStub.swift */,
			);
			path = Stubs;
			sourceTree = "<group>";
		};
		9E79EBCA2350E0CE00979D90 /* Errors */ = {
			isa = PBXGroup;
			children = (
				9E79EBCB2350E0FA00979D90 /* ErrorHandler.swift */,
			);
			path = Errors;
			sourceTree = "<group>";
		};
		9E79EBD32355DB2000979D90 /* Errors */ = {
			isa = PBXGroup;
			children = (
				9E79EBD42355DB2F00979D90 /* InternalErrorTests.swift */,
			);
			path = Errors;
			sourceTree = "<group>";
		};
		9E7C0AF923200FCE0061BD9B /* Templates */ = {
			isa = PBXGroup;
			children = (
				9E7C0AFA232010180061BD9B /* MockSwift.stencil */,
			);
			path = Templates;
			sourceTree = "<group>";
		};
		9EA5D1512301DAAB006F0A28 /* Predicates */ = {
			isa = PBXGroup;
			children = (
				9EA5D1522301DABB006F0A28 /* PredicateTests.swift */,
				9EA5D1562301DE6F006F0A28 /* AnyPredicateEquatableTests.swift */,
				9E0071592304007700F040F4 /* PredicateComparableTests.swift */,
				9EAC378E234A248D00281F7B /* PredicateBoolTests.swift */,
				9EAC3795234BA25A00281F7B /* PredicateOptionalTests.swift */,
			);
			path = Predicates;
			sourceTree = "<group>";
		};
		9EB55430230059A600449662 /* Predicates */ = {
			isa = PBXGroup;
			children = (
				9EB55431230059D800449662 /* AnyPredicate.swift */,
				9EA5D14F2301DA6E006F0A28 /* Predicate.swift */,
				9EA5D1542301DE3F006F0A28 /* AnyPredicate+Equatable.swift */,
				9EA5D1622303F130006F0A28 /* Predicate+Comparable.swift */,
				9EAC3790234A25B000281F7B /* Predicate+Bool.swift */,
				9EAC3793234BA23F00281F7B /* Predicate+Optional.swift */,
			);
			path = Predicates;
			sourceTree = "<group>";
		};
		9ED0E95D230C170D008D2329 /* Assertions */ = {
			isa = PBXGroup;
			children = (
				9ED0E95E230C173D008D2329 /* FailureRecorder.swift */,
				9EA55225230D6F9C00E82139 /* XCTestFailureRecorder.swift */,
			);
			path = Assertions;
			sourceTree = "<group>";
		};
		OBJ_16 /* Tests */ = {
			isa = PBXGroup;
			children = (
				OBJ_17 /* MockSwiftTests */,
			);
			name = Tests;
			sourceTree = SOURCE_ROOT;
		};
		OBJ_17 /* MockSwiftTests */ = {
			isa = PBXGroup;
			children = (
				9E79EBD32355DB2000979D90 /* Errors */,
				9EA5D1512301DAAB006F0A28 /* Predicates */,
				9E2F051A22FAF19600E04F34 /* Functions */,
				9E2F051622FAEE3200E04F34 /* Helpers */,
				OBJ_18 /* Mocks */,
				OBJ_23 /* XCTestManifests.swift */,
			);
			name = MockSwiftTests;
			path = Tests/MockSwiftTests;
			sourceTree = SOURCE_ROOT;
		};
		OBJ_18 /* Mocks */ = {
			isa = PBXGroup;
			children = (
				OBJ_19 /* MockTests.swift */,
				9EB5542A22FDE44300449662 /* MockDefaultIntegrationTests.swift */,
				9EB5543523005BB000449662 /* MockableTests.swift */,
				9EA5D1582301E43B006F0A28 /* MockGivenIntegrationTests.swift */,
				9EA5D15E2302EEAC006F0A28 /* VerifiableTests.swift */,
				9E00715B230403DC00F040F4 /* MockThenIntegrationTests.swift */,
				9E79EBCF23549C0C00979D90 /* MockGivenTests.swift */,
				9E79EBD12354C54E00979D90 /* MockThenTests.swift */,
			);
			path = Mocks;
			sourceTree = "<group>";
		};
		OBJ_20 /* Mocks */ = {
			isa = PBXGroup;
			children = (
				OBJ_21 /* BehaviourRegisterMock.swift */,
				OBJ_22 /* CallRegisterMock.swift */,
				9E2372E5230070DD0083396B /* AnyPredicateMock.swift */,
				9EA55223230D661E00E82139 /* FailureRecorderMock.swift */,
				9E79EBCD23545F2500979D90 /* ErrorHandlerMock.swift */,
			);
			path = Mocks;
			sourceTree = "<group>";
		};
		OBJ_24 /* Products */ = {
			isa = PBXGroup;
			children = (
				"MockSwift::MockSwiftTests::Product" /* MockSwiftTests.xctest */,
				"MockSwift::MockSwift::Product" /* MockSwift.framework */,
			);
			name = Products;
			sourceTree = BUILT_PRODUCTS_DIR;
		};
		OBJ_5 = {
			isa = PBXGroup;
			children = (
				9E7C0AF923200FCE0061BD9B /* Templates */,
				9EA77EF5230EE7C900DAE694 /* CHANGELOG.md */,
				9EA77EF4230EE7C900DAE694 /* CONTRIBUTING.md */,
				OBJ_6 /* Package.swift */,
				OBJ_7 /* Sources */,
				OBJ_16 /* Tests */,
				OBJ_24 /* Products */,
				OBJ_29 /* LICENSE */,
				OBJ_30 /* README.md */,
			);
			sourceTree = "<group>";
		};
		OBJ_7 /* Sources */ = {
			isa = PBXGroup;
			children = (
				OBJ_8 /* MockSwift */,
			);
			name = Sources;
			sourceTree = SOURCE_ROOT;
		};
		OBJ_8 /* MockSwift */ = {
			isa = PBXGroup;
			children = (
				9E79EBCA2350E0CE00979D90 /* Errors */,
				9ED0E95D230C170D008D2329 /* Assertions */,
				9EB55430230059A600449662 /* Predicates */,
				9E2F051722FAEED700E04F34 /* Functions */,
				OBJ_9 /* Mocks */,
			);
			name = MockSwift;
			path = Sources/MockSwift;
			sourceTree = SOURCE_ROOT;
		};
		OBJ_9 /* Mocks */ = {
			isa = PBXGroup;
			children = (
				OBJ_15 /* Mock.swift */,
				9EB5542E2300591500449662 /* MockGiven.swift */,
				9EB5543323005A2900449662 /* Mockable.swift */,
				9EA5D15A2302EDD2006F0A28 /* MockThen.swift */,
				9EA5D15C2302EE7B006F0A28 /* Verifiable.swift */,
				9EAC378C234378DD00281F7B /* ParameterType.swift */,
			);
			path = Mocks;
			sourceTree = "<group>";
		};
/* End PBXGroup section */

/* Begin PBXNativeTarget section */
		"MockSwift::MockSwift" /* MockSwift */ = {
			isa = PBXNativeTarget;
			buildConfigurationList = OBJ_32 /* Build configuration list for PBXNativeTarget "MockSwift" */;
			buildPhases = (
				9E2F051422FADA2900E04F34 /* SwiftLint */,
				OBJ_35 /* Sources */,
				OBJ_42 /* Frameworks */,
			);
			buildRules = (
			);
			dependencies = (
			);
			name = MockSwift;
			productName = MockSwift;
			productReference = "MockSwift::MockSwift::Product" /* MockSwift.framework */;
			productType = "com.apple.product-type.framework";
		};
		"MockSwift::MockSwiftTests" /* MockSwiftTests */ = {
			isa = PBXNativeTarget;
			buildConfigurationList = OBJ_55 /* Build configuration list for PBXNativeTarget "MockSwiftTests" */;
			buildPhases = (
				OBJ_58 /* Sources */,
				OBJ_63 /* Frameworks */,
			);
			buildRules = (
			);
			dependencies = (
				OBJ_65 /* PBXTargetDependency */,
			);
			name = MockSwiftTests;
			productName = MockSwiftTests;
			productReference = "MockSwift::MockSwiftTests::Product" /* MockSwiftTests.xctest */;
			productType = "com.apple.product-type.bundle.unit-test";
		};
		"MockSwift::SwiftPMPackageDescription" /* MockSwiftPackageDescription */ = {
			isa = PBXNativeTarget;
			buildConfigurationList = OBJ_44 /* Build configuration list for PBXNativeTarget "MockSwiftPackageDescription" */;
			buildPhases = (
				OBJ_47 /* Sources */,
			);
			buildRules = (
			);
			dependencies = (
			);
			name = MockSwiftPackageDescription;
			productName = MockSwiftPackageDescription;
			productType = "com.apple.product-type.framework";
		};
/* End PBXNativeTarget section */

/* Begin PBXProject section */
		OBJ_1 /* Project object */ = {
			isa = PBXProject;
			attributes = {
				LastSwiftMigration = 9999;
				LastUpgradeCheck = 9999;
			};
			buildConfigurationList = OBJ_2 /* Build configuration list for PBXProject "MockSwift" */;
			compatibilityVersion = "Xcode 3.2";
			developmentRegion = en;
			hasScannedForEncodings = 0;
			knownRegions = (
				en,
			);
			mainGroup = OBJ_5;
			productRefGroup = OBJ_24 /* Products */;
			projectDirPath = "";
			projectRoot = "";
			targets = (
				"MockSwift::MockSwift" /* MockSwift */,
				"MockSwift::SwiftPMPackageDescription" /* MockSwiftPackageDescription */,
				"MockSwift::MockSwiftPackageTests::ProductTarget" /* MockSwiftPackageTests */,
				"MockSwift::MockSwiftTests" /* MockSwiftTests */,
			);
		};
/* End PBXProject section */

/* Begin PBXShellScriptBuildPhase section */
		9E2F051422FADA2900E04F34 /* SwiftLint */ = {
			isa = PBXShellScriptBuildPhase;
			buildActionMask = 2147483647;
			files = (
			);
			inputFileListPaths = (
			);
			inputPaths = (
			);
			name = SwiftLint;
			outputFileListPaths = (
			);
			outputPaths = (
			);
			runOnlyForDeploymentPostprocessing = 0;
			shellPath = /bin/sh;
			shellScript = "if which swiftlint >/dev/null; then\n  swiftlint\nelse\n  echo \"warning: SwiftLint not installed, download from https://github.com/realm/SwiftLint\"\nfi\n";
		};
/* End PBXShellScriptBuildPhase section */

/* Begin PBXSourcesBuildPhase section */
		OBJ_35 /* Sources */ = {
			isa = PBXSourcesBuildPhase;
			buildActionMask = 0;
			files = (
				OBJ_36 /* BehaviourRegister.swift in Sources */,
				9EB5542F2300591500449662 /* MockGiven.swift in Sources */,
				9EA5D15B2302EDD2006F0A28 /* MockThen.swift in Sources */,
				9ED0E95F230C173D008D2329 /* FailureRecorder.swift in Sources */,
				OBJ_37 /* CallRegister.swift in Sources */,
				OBJ_38 /* FunctionBehaviour.swift in Sources */,
				9E2372E823014A770083396B /* FunctionBehaviourRegister.swift in Sources */,
				9E2F052222FB32A600E04F34 /* DefaultFunctionBehaviour.swift in Sources */,
				9EB55432230059D800449662 /* AnyPredicate.swift in Sources */,
				9EA5D1612302FCB7006F0A28 /* FunctionCallRegister.swift in Sources */,
				OBJ_39 /* FunctionCall.swift in Sources */,
				9EA5D1632303F130006F0A28 /* Predicate+Comparable.swift in Sources */,
				9E79EBCC2350E0FA00979D90 /* ErrorHandler.swift in Sources */,
				9EA55226230D6F9C00E82139 /* XCTestFailureRecorder.swift in Sources */,
				9EB5543423005A2900449662 /* Mockable.swift in Sources */,
				9EA5D1552301DE3F006F0A28 /* AnyPredicate+Equatable.swift in Sources */,
				9EAC378D234378DD00281F7B /* ParameterType.swift in Sources */,
				9EA5D1502301DA6E006F0A28 /* Predicate.swift in Sources */,
				OBJ_40 /* FunctionIdentifier.swift in Sources */,
				OBJ_41 /* Mock.swift in Sources */,
				9EA5D15D2302EE7B006F0A28 /* Verifiable.swift in Sources */,
				9EB5542422FDDDEB00449662 /* MockDefaults.swift in Sources */,
				9EAC3794234BA23F00281F7B /* Predicate+Optional.swift in Sources */,
				9E2F052422FB32B200E04F34 /* Behaviour.swift in Sources */,
				9EAC3791234A25B000281F7B /* Predicate+Bool.swift in Sources */,
			);
			runOnlyForDeploymentPostprocessing = 0;
		};
		OBJ_47 /* Sources */ = {
			isa = PBXSourcesBuildPhase;
			buildActionMask = 0;
			files = (
				OBJ_48 /* Package.swift in Sources */,
			);
			runOnlyForDeploymentPostprocessing = 0;
		};
		OBJ_58 /* Sources */ = {
			isa = PBXSourcesBuildPhase;
			buildActionMask = 0;
			files = (
				9E79EBD023549C0C00979D90 /* MockGivenTests.swift in Sources */,
				9E00715A2304007700F040F4 /* PredicateComparableTests.swift in Sources */,
				9E2372E6230070DD0083396B /* AnyPredicateMock.swift in Sources */,
				9E00715F230406B300F040F4 /* FunctionCallRegisterTests.swift in Sources */,
				OBJ_59 /* MockTests.swift in Sources */,
				9EB5542622FDDF2C00449662 /* MockDefaultExtensionTests.swift in Sources */,
				9EAC3792234A25B800281F7B /* PredicateBoolTests.swift in Sources */,
				9EA5D1592301E43B006F0A28 /* MockGivenIntegrationTests.swift in Sources */,
				9EA5D1532301DABB006F0A28 /* PredicateTests.swift in Sources */,
				9EB5542B22FDE44300449662 /* MockDefaultIntegrationTests.swift in Sources */,
				9EA55228230D93D200E82139 /* FunctionIdentifierTests.swift in Sources */,
				9EA55224230D661E00E82139 /* FailureRecorderMock.swift in Sources */,
				9E79EBCE23545F2500979D90 /* ErrorHandlerMock.swift in Sources */,
				9E2F052822FB357F00E04F34 /* DefaultFunctionBehaviourTests.swift in Sources */,
				9E2F051D22FAF1B900E04F34 /* FunctionBehaviourRegisterTests.swift in Sources */,
				9E2F052022FAF54E00E04F34 /* FunctionIdentifierStub.swift in Sources */,
				9EAC3796234BA25A00281F7B /* PredicateOptionalTests.swift in Sources */,
				9EA5D1572301DE6F006F0A28 /* AnyPredicateEquatableTests.swift in Sources */,
				OBJ_60 /* BehaviourRegisterMock.swift in Sources */,
				9E2F052622FB354C00E04F34 /* FunctionBehaviourTests.swift in Sources */,
				9E79EBD22354C54E00979D90 /* MockThenTests.swift in Sources */,
				9EA5D15F2302EEAC006F0A28 /* VerifiableTests.swift in Sources */,
				9EB5543623005BB000449662 /* MockableTests.swift in Sources */,
				9E00715C230403DC00F040F4 /* MockThenIntegrationTests.swift in Sources */,
				OBJ_61 /* CallRegisterMock.swift in Sources */,
				OBJ_62 /* XCTestManifests.swift in Sources */,
				9E79EBD52355DB2F00979D90 /* InternalErrorTests.swift in Sources */,
			);
			runOnlyForDeploymentPostprocessing = 0;
		};
/* End PBXSourcesBuildPhase section */

/* Begin PBXTargetDependency section */
		OBJ_53 /* PBXTargetDependency */ = {
			isa = PBXTargetDependency;
			target = "MockSwift::MockSwiftTests" /* MockSwiftTests */;
			targetProxy = 9EBF806D22FAC06600C283B9 /* PBXContainerItemProxy */;
		};
		OBJ_65 /* PBXTargetDependency */ = {
			isa = PBXTargetDependency;
			target = "MockSwift::MockSwift" /* MockSwift */;
			targetProxy = 9EBF806C22FAC06600C283B9 /* PBXContainerItemProxy */;
		};
/* End PBXTargetDependency section */

/* Begin XCBuildConfiguration section */
		OBJ_3 /* Debug */ = {
			isa = XCBuildConfiguration;
			buildSettings = {
				CLANG_ENABLE_OBJC_ARC = YES;
				COMBINE_HIDPI_IMAGES = YES;
				COPY_PHASE_STRIP = NO;
				DEBUG_INFORMATION_FORMAT = dwarf;
				DYLIB_INSTALL_NAME_BASE = "@rpath";
				ENABLE_NS_ASSERTIONS = YES;
				GCC_OPTIMIZATION_LEVEL = 0;
				GCC_PREPROCESSOR_DEFINITIONS = (
					"$(inherited)",
					"SWIFT_PACKAGE=1",
					"DEBUG=1",
				);
				MACOSX_DEPLOYMENT_TARGET = 10.10;
				ONLY_ACTIVE_ARCH = YES;
				OTHER_SWIFT_FLAGS = "$(inherited) -DXcode";
				PRODUCT_NAME = "$(TARGET_NAME)";
				SDKROOT = macosx;
				SUPPORTED_PLATFORMS = "macosx iphoneos iphonesimulator appletvos appletvsimulator watchos watchsimulator";
				SWIFT_ACTIVE_COMPILATION_CONDITIONS = "$(inherited) SWIFT_PACKAGE DEBUG";
				SWIFT_OPTIMIZATION_LEVEL = "-Onone";
				USE_HEADERMAP = NO;
			};
			name = Debug;
		};
		OBJ_33 /* Debug */ = {
			isa = XCBuildConfiguration;
			buildSettings = {
				ENABLE_TESTABILITY = YES;
				FRAMEWORK_SEARCH_PATHS = (
					"$(inherited)",
					"$(PLATFORM_DIR)/Developer/Library/Frameworks",
				);
				HEADER_SEARCH_PATHS = "$(inherited)";
				INFOPLIST_FILE = MockSwift.xcodeproj/MockSwift_Info.plist;
				IPHONEOS_DEPLOYMENT_TARGET = 8.0;
				LD_RUNPATH_SEARCH_PATHS = "$(inherited) $(TOOLCHAIN_DIR)/usr/lib/swift/macosx";
				MACOSX_DEPLOYMENT_TARGET = 10.10;
				OTHER_CFLAGS = "$(inherited)";
				OTHER_LDFLAGS = "$(inherited)";
				OTHER_SWIFT_FLAGS = "$(inherited)";
				PRODUCT_BUNDLE_IDENTIFIER = MockSwift;
				PRODUCT_MODULE_NAME = "$(TARGET_NAME:c99extidentifier)";
				PRODUCT_NAME = "$(TARGET_NAME:c99extidentifier)";
				SKIP_INSTALL = YES;
				SWIFT_ACTIVE_COMPILATION_CONDITIONS = "$(inherited)";
				SWIFT_VERSION = 5.0;
				TARGET_NAME = MockSwift;
				TVOS_DEPLOYMENT_TARGET = 9.0;
				WATCHOS_DEPLOYMENT_TARGET = 2.0;
			};
			name = Debug;
		};
		OBJ_34 /* Release */ = {
			isa = XCBuildConfiguration;
			buildSettings = {
				ENABLE_TESTABILITY = YES;
				FRAMEWORK_SEARCH_PATHS = (
					"$(inherited)",
					"$(PLATFORM_DIR)/Developer/Library/Frameworks",
				);
				HEADER_SEARCH_PATHS = "$(inherited)";
				INFOPLIST_FILE = MockSwift.xcodeproj/MockSwift_Info.plist;
				IPHONEOS_DEPLOYMENT_TARGET = 8.0;
				LD_RUNPATH_SEARCH_PATHS = "$(inherited) $(TOOLCHAIN_DIR)/usr/lib/swift/macosx";
				MACOSX_DEPLOYMENT_TARGET = 10.10;
				OTHER_CFLAGS = "$(inherited)";
				OTHER_LDFLAGS = "$(inherited)";
				OTHER_SWIFT_FLAGS = "$(inherited)";
				PRODUCT_BUNDLE_IDENTIFIER = MockSwift;
				PRODUCT_MODULE_NAME = "$(TARGET_NAME:c99extidentifier)";
				PRODUCT_NAME = "$(TARGET_NAME:c99extidentifier)";
				SKIP_INSTALL = YES;
				SWIFT_ACTIVE_COMPILATION_CONDITIONS = "$(inherited)";
				SWIFT_VERSION = 5.0;
				TARGET_NAME = MockSwift;
				TVOS_DEPLOYMENT_TARGET = 9.0;
				WATCHOS_DEPLOYMENT_TARGET = 2.0;
			};
			name = Release;
		};
		OBJ_4 /* Release */ = {
			isa = XCBuildConfiguration;
			buildSettings = {
				CLANG_ENABLE_OBJC_ARC = YES;
				COMBINE_HIDPI_IMAGES = YES;
				COPY_PHASE_STRIP = YES;
				DEBUG_INFORMATION_FORMAT = "dwarf-with-dsym";
				DYLIB_INSTALL_NAME_BASE = "@rpath";
				GCC_OPTIMIZATION_LEVEL = s;
				GCC_PREPROCESSOR_DEFINITIONS = (
					"$(inherited)",
					"SWIFT_PACKAGE=1",
				);
				MACOSX_DEPLOYMENT_TARGET = 10.10;
				OTHER_SWIFT_FLAGS = "$(inherited) -DXcode";
				PRODUCT_NAME = "$(TARGET_NAME)";
				SDKROOT = macosx;
				SUPPORTED_PLATFORMS = "macosx iphoneos iphonesimulator appletvos appletvsimulator watchos watchsimulator";
				SWIFT_ACTIVE_COMPILATION_CONDITIONS = "$(inherited) SWIFT_PACKAGE";
				SWIFT_OPTIMIZATION_LEVEL = "-Owholemodule";
				USE_HEADERMAP = NO;
			};
			name = Release;
		};
		OBJ_45 /* Debug */ = {
			isa = XCBuildConfiguration;
			buildSettings = {
				LD = /usr/bin/true;
				OTHER_SWIFT_FLAGS = "-swift-version 5 -I $(TOOLCHAIN_DIR)/usr/lib/swift/pm/4_2 -target x86_64-apple-macosx10.10 -sdk /Applications/Xcode-beta.app/Contents/Developer/Platforms/MacOSX.platform/Developer/SDKs/MacOSX10.15.sdk -package-description-version 5.1";
				SWIFT_VERSION = 5.0;
			};
			name = Debug;
		};
		OBJ_46 /* Release */ = {
			isa = XCBuildConfiguration;
			buildSettings = {
				LD = /usr/bin/true;
				OTHER_SWIFT_FLAGS = "-swift-version 5 -I $(TOOLCHAIN_DIR)/usr/lib/swift/pm/4_2 -target x86_64-apple-macosx10.10 -sdk /Applications/Xcode-beta.app/Contents/Developer/Platforms/MacOSX.platform/Developer/SDKs/MacOSX10.15.sdk -package-description-version 5.1";
				SWIFT_VERSION = 5.0;
			};
			name = Release;
		};
		OBJ_51 /* Debug */ = {
			isa = XCBuildConfiguration;
			buildSettings = {
			};
			name = Debug;
		};
		OBJ_52 /* Release */ = {
			isa = XCBuildConfiguration;
			buildSettings = {
			};
			name = Release;
		};
		OBJ_56 /* Debug */ = {
			isa = XCBuildConfiguration;
			buildSettings = {
				CLANG_ENABLE_MODULES = YES;
				EMBEDDED_CONTENT_CONTAINS_SWIFT = YES;
				FRAMEWORK_SEARCH_PATHS = (
					"$(inherited)",
					"$(PLATFORM_DIR)/Developer/Library/Frameworks",
				);
				HEADER_SEARCH_PATHS = "$(inherited)";
				INFOPLIST_FILE = MockSwift.xcodeproj/MockSwiftTests_Info.plist;
				IPHONEOS_DEPLOYMENT_TARGET = 8.0;
				LD_RUNPATH_SEARCH_PATHS = "$(inherited) @loader_path/../Frameworks @loader_path/Frameworks";
				MACOSX_DEPLOYMENT_TARGET = 10.10;
				OTHER_CFLAGS = "$(inherited)";
				OTHER_LDFLAGS = "$(inherited)";
				OTHER_SWIFT_FLAGS = "$(inherited)";
				SWIFT_ACTIVE_COMPILATION_CONDITIONS = "$(inherited)";
				SWIFT_VERSION = 5.0;
				TARGET_NAME = MockSwiftTests;
				TVOS_DEPLOYMENT_TARGET = 9.0;
				WATCHOS_DEPLOYMENT_TARGET = 2.0;
			};
			name = Debug;
		};
		OBJ_57 /* Release */ = {
			isa = XCBuildConfiguration;
			buildSettings = {
				CLANG_ENABLE_MODULES = YES;
				EMBEDDED_CONTENT_CONTAINS_SWIFT = YES;
				FRAMEWORK_SEARCH_PATHS = (
					"$(inherited)",
					"$(PLATFORM_DIR)/Developer/Library/Frameworks",
				);
				HEADER_SEARCH_PATHS = "$(inherited)";
				INFOPLIST_FILE = MockSwift.xcodeproj/MockSwiftTests_Info.plist;
				IPHONEOS_DEPLOYMENT_TARGET = 8.0;
				LD_RUNPATH_SEARCH_PATHS = "$(inherited) @loader_path/../Frameworks @loader_path/Frameworks";
				MACOSX_DEPLOYMENT_TARGET = 10.10;
				OTHER_CFLAGS = "$(inherited)";
				OTHER_LDFLAGS = "$(inherited)";
				OTHER_SWIFT_FLAGS = "$(inherited)";
				SWIFT_ACTIVE_COMPILATION_CONDITIONS = "$(inherited)";
				SWIFT_VERSION = 5.0;
				TARGET_NAME = MockSwiftTests;
				TVOS_DEPLOYMENT_TARGET = 9.0;
				WATCHOS_DEPLOYMENT_TARGET = 2.0;
			};
			name = Release;
		};
/* End XCBuildConfiguration section */

/* Begin XCConfigurationList section */
		OBJ_2 /* Build configuration list for PBXProject "MockSwift" */ = {
			isa = XCConfigurationList;
			buildConfigurations = (
				OBJ_3 /* Debug */,
				OBJ_4 /* Release */,
			);
			defaultConfigurationIsVisible = 0;
			defaultConfigurationName = Release;
		};
		OBJ_32 /* Build configuration list for PBXNativeTarget "MockSwift" */ = {
			isa = XCConfigurationList;
			buildConfigurations = (
				OBJ_33 /* Debug */,
				OBJ_34 /* Release */,
			);
			defaultConfigurationIsVisible = 0;
			defaultConfigurationName = Release;
		};
		OBJ_44 /* Build configuration list for PBXNativeTarget "MockSwiftPackageDescription" */ = {
			isa = XCConfigurationList;
			buildConfigurations = (
				OBJ_45 /* Debug */,
				OBJ_46 /* Release */,
			);
			defaultConfigurationIsVisible = 0;
			defaultConfigurationName = Release;
		};
		OBJ_50 /* Build configuration list for PBXAggregateTarget "MockSwiftPackageTests" */ = {
			isa = XCConfigurationList;
			buildConfigurations = (
				OBJ_51 /* Debug */,
				OBJ_52 /* Release */,
			);
			defaultConfigurationIsVisible = 0;
			defaultConfigurationName = Release;
		};
		OBJ_55 /* Build configuration list for PBXNativeTarget "MockSwiftTests" */ = {
			isa = XCConfigurationList;
			buildConfigurations = (
				OBJ_56 /* Debug */,
				OBJ_57 /* Release */,
			);
			defaultConfigurationIsVisible = 0;
			defaultConfigurationName = Release;
		};
/* End XCConfigurationList section */
	};
	rootObject = OBJ_1 /* Project object */;
}
