// !$*UTF8*$!
{
	archiveVersion = 1;
	classes = {
	};
	objectVersion = 50;
	objects = {

/* Begin PBXBuildFile section */
		9E0F3438235A53C0004231C0 /* Generics.swift in Sources */ = {isa = PBXBuildFile; fileRef = 9E0F3437235A53C0004231C0 /* Generics.swift */; };
		9E0F343A235A53D5004231C0 /* GenericsTests.swift in Sources */ = {isa = PBXBuildFile; fileRef = 9E0F3439235A53D5004231C0 /* GenericsTests.swift */; };
		9E5A50F12364B321003D01BE /* Escaping.swift in Sources */ = {isa = PBXBuildFile; fileRef = 9E5A50F02364B321003D01BE /* Escaping.swift */; };
		9E5A50F32364B32E003D01BE /* EscapingTests.swift in Sources */ = {isa = PBXBuildFile; fileRef = 9E5A50F22364B32E003D01BE /* EscapingTests.swift */; };
		9E7C0AFE232012210061BD9B /* GeneratedMocks.swift in Sources */ = {isa = PBXBuildFile; fileRef = 9E7C0AFD232012210061BD9B /* GeneratedMocks.swift */; };
		9E7C0B00232013420061BD9B /* Basics.swift in Sources */ = {isa = PBXBuildFile; fileRef = 9E7C0AFF232013420061BD9B /* Basics.swift */; };
		9E7C0B09232033510061BD9B /* MockSwift.framework in Frameworks */ = {isa = PBXBuildFile; fileRef = 9E7C0B08232033510061BD9B /* MockSwift.framework */; };
		9ED78EF3232006E900886FEA /* MockSwiftExample.framework in Frameworks */ = {isa = PBXBuildFile; fileRef = 9ED78EE9232006E900886FEA /* MockSwiftExample.framework */; };
		9ED78EF8232006E900886FEA /* BasicsTests.swift in Sources */ = {isa = PBXBuildFile; fileRef = 9ED78EF7232006E900886FEA /* BasicsTests.swift */; };
		9ED78EFA232006E900886FEA /* MockSwiftExample.h in Headers */ = {isa = PBXBuildFile; fileRef = 9ED78EEC232006E900886FEA /* MockSwiftExample.h */; settings = {ATTRIBUTES = (Public, ); }; };
		FC6FB8E523F30E3400AB0FCF /* BasicSubscript.swift in Sources */ = {isa = PBXBuildFile; fileRef = FC6FB8E423F30E3400AB0FCF /* BasicSubscript.swift */; };
		FC6FB8E823F30ED700AB0FCF /* BasicSubscriptsTests.swift in Sources */ = {isa = PBXBuildFile; fileRef = FC6FB8E723F30ED700AB0FCF /* BasicSubscriptsTests.swift */; };
		FC6FB8EC23F31A0500AB0FCF /* EscapingSubscript.swift in Sources */ = {isa = PBXBuildFile; fileRef = FC6FB8EB23F31A0500AB0FCF /* EscapingSubscript.swift */; };
		FC6FB8EE23F31A5800AB0FCF /* EscapingSubscriptTests.swift in Sources */ = {isa = PBXBuildFile; fileRef = FC6FB8ED23F31A5800AB0FCF /* EscapingSubscriptTests.swift */; };
		FC75744523A6686900B5064C /* Properties.swift in Sources */ = {isa = PBXBuildFile; fileRef = FC75744423A6686900B5064C /* Properties.swift */; };
		FC75744723A668FC00B5064C /* PropertiesTests.swift in Sources */ = {isa = PBXBuildFile; fileRef = FC75744623A668FC00B5064C /* PropertiesTests.swift */; };
/* End PBXBuildFile section */

/* Begin PBXContainerItemProxy section */
		9ED78EF4232006E900886FEA /* PBXContainerItemProxy */ = {
			isa = PBXContainerItemProxy;
			containerPortal = 9ED78EE0232006E900886FEA /* Project object */;
			proxyType = 1;
			remoteGlobalIDString = 9ED78EE8232006E900886FEA;
			remoteInfo = MockSwiftExample;
		};
/* End PBXContainerItemProxy section */

/* Begin PBXFileReference section */
		9E0F3437235A53C0004231C0 /* Generics.swift */ = {isa = PBXFileReference; lastKnownFileType = sourcecode.swift; path = Generics.swift; sourceTree = "<group>"; };
		9E0F3439235A53D5004231C0 /* GenericsTests.swift */ = {isa = PBXFileReference; lastKnownFileType = sourcecode.swift; path = GenericsTests.swift; sourceTree = "<group>"; };
		9E5A50F02364B321003D01BE /* Escaping.swift */ = {isa = PBXFileReference; lastKnownFileType = sourcecode.swift; path = Escaping.swift; sourceTree = "<group>"; };
		9E5A50F22364B32E003D01BE /* EscapingTests.swift */ = {isa = PBXFileReference; lastKnownFileType = sourcecode.swift; path = EscapingTests.swift; sourceTree = "<group>"; };
		9E7C0AFD232012210061BD9B /* GeneratedMocks.swift */ = {isa = PBXFileReference; lastKnownFileType = sourcecode.swift; path = GeneratedMocks.swift; sourceTree = "<group>"; };
		9E7C0AFF232013420061BD9B /* Basics.swift */ = {isa = PBXFileReference; lastKnownFileType = sourcecode.swift; path = Basics.swift; sourceTree = "<group>"; };
		9E7C0B08232033510061BD9B /* MockSwift.framework */ = {isa = PBXFileReference; explicitFileType = wrapper.framework; path = MockSwift.framework; sourceTree = BUILT_PRODUCTS_DIR; };
		9ED78EE9232006E900886FEA /* MockSwiftExample.framework */ = {isa = PBXFileReference; explicitFileType = wrapper.framework; includeInIndex = 0; path = MockSwiftExample.framework; sourceTree = BUILT_PRODUCTS_DIR; };
		9ED78EEC232006E900886FEA /* MockSwiftExample.h */ = {isa = PBXFileReference; lastKnownFileType = sourcecode.c.h; path = MockSwiftExample.h; sourceTree = "<group>"; };
		9ED78EED232006E900886FEA /* Info.plist */ = {isa = PBXFileReference; lastKnownFileType = text.plist.xml; path = Info.plist; sourceTree = "<group>"; };
		9ED78EF2232006E900886FEA /* MockSwiftExampleTests.xctest */ = {isa = PBXFileReference; explicitFileType = wrapper.cfbundle; includeInIndex = 0; path = MockSwiftExampleTests.xctest; sourceTree = BUILT_PRODUCTS_DIR; };
		9ED78EF7232006E900886FEA /* BasicsTests.swift */ = {isa = PBXFileReference; lastKnownFileType = sourcecode.swift; path = BasicsTests.swift; sourceTree = "<group>"; };
		9ED78EF9232006E900886FEA /* Info.plist */ = {isa = PBXFileReference; lastKnownFileType = text.plist.xml; path = Info.plist; sourceTree = "<group>"; };
		FC6FB8E423F30E3400AB0FCF /* BasicSubscript.swift */ = {isa = PBXFileReference; lastKnownFileType = sourcecode.swift; path = BasicSubscript.swift; sourceTree = "<group>"; };
		FC6FB8E723F30ED700AB0FCF /* BasicSubscriptsTests.swift */ = {isa = PBXFileReference; lastKnownFileType = sourcecode.swift; path = BasicSubscriptsTests.swift; sourceTree = "<group>"; };
		FC6FB8EB23F31A0500AB0FCF /* EscapingSubscript.swift */ = {isa = PBXFileReference; lastKnownFileType = sourcecode.swift; path = EscapingSubscript.swift; sourceTree = "<group>"; };
		FC6FB8ED23F31A5800AB0FCF /* EscapingSubscriptTests.swift */ = {isa = PBXFileReference; lastKnownFileType = sourcecode.swift; path = EscapingSubscriptTests.swift; sourceTree = "<group>"; };
		FC75744423A6686900B5064C /* Properties.swift */ = {isa = PBXFileReference; lastKnownFileType = sourcecode.swift; path = Properties.swift; sourceTree = "<group>"; };
		FC75744623A668FC00B5064C /* PropertiesTests.swift */ = {isa = PBXFileReference; lastKnownFileType = sourcecode.swift; path = PropertiesTests.swift; sourceTree = "<group>"; };
/* End PBXFileReference section */

/* Begin PBXFrameworksBuildPhase section */
		9ED78EE6232006E900886FEA /* Frameworks */ = {
			isa = PBXFrameworksBuildPhase;
			buildActionMask = 2147483647;
			files = (
			);
			runOnlyForDeploymentPostprocessing = 0;
		};
		9ED78EEF232006E900886FEA /* Frameworks */ = {
			isa = PBXFrameworksBuildPhase;
			buildActionMask = 2147483647;
			files = (
				9E7C0B09232033510061BD9B /* MockSwift.framework in Frameworks */,
				9ED78EF3232006E900886FEA /* MockSwiftExample.framework in Frameworks */,
			);
			runOnlyForDeploymentPostprocessing = 0;
		};
/* End PBXFrameworksBuildPhase section */

/* Begin PBXGroup section */
		9E7C0AFC232012030061BD9B /* Generated */ = {
			isa = PBXGroup;
			children = (
				9E7C0AFD232012210061BD9B /* GeneratedMocks.swift */,
			);
			path = Generated;
			sourceTree = "<group>";
		};
		9E7C0B07232033510061BD9B /* Frameworks */ = {
			isa = PBXGroup;
			children = (
				9E7C0B08232033510061BD9B /* MockSwift.framework */,
			);
			name = Frameworks;
			sourceTree = "<group>";
		};
		9ED78EDF232006E900886FEA = {
			isa = PBXGroup;
			children = (
				9ED78EEB232006E900886FEA /* MockSwiftExample */,
				9ED78EF6232006E900886FEA /* MockSwiftExampleTests */,
				9ED78EEA232006E900886FEA /* Products */,
				9E7C0B07232033510061BD9B /* Frameworks */,
			);
			sourceTree = "<group>";
		};
		9ED78EEA232006E900886FEA /* Products */ = {
			isa = PBXGroup;
			children = (
				9ED78EE9232006E900886FEA /* MockSwiftExample.framework */,
				9ED78EF2232006E900886FEA /* MockSwiftExampleTests.xctest */,
			);
			name = Products;
			sourceTree = "<group>";
		};
		9ED78EEB232006E900886FEA /* MockSwiftExample */ = {
			isa = PBXGroup;
			children = (
				FC6FB8E323F30E1000AB0FCF /* Subscripts */,
				9ED78EEC232006E900886FEA /* MockSwiftExample.h */,
				9ED78EED232006E900886FEA /* Info.plist */,
				9E7C0AFF232013420061BD9B /* Basics.swift */,
				9E0F3437235A53C0004231C0 /* Generics.swift */,
				9E5A50F02364B321003D01BE /* Escaping.swift */,
				FC75744423A6686900B5064C /* Properties.swift */,
			);
			path = MockSwiftExample;
			sourceTree = "<group>";
		};
		9ED78EF6232006E900886FEA /* MockSwiftExampleTests */ = {
			isa = PBXGroup;
			children = (
				FC6FB8E623F30E7500AB0FCF /* Subscript */,
				9E7C0AFC232012030061BD9B /* Generated */,
				9ED78EF7232006E900886FEA /* BasicsTests.swift */,
				9ED78EF9232006E900886FEA /* Info.plist */,
				9E0F3439235A53D5004231C0 /* GenericsTests.swift */,
				9E5A50F22364B32E003D01BE /* EscapingTests.swift */,
				FC75744623A668FC00B5064C /* PropertiesTests.swift */,
			);
			path = MockSwiftExampleTests;
			sourceTree = "<group>";
		};
		FC6FB8E323F30E1000AB0FCF /* Subscripts */ = {
			isa = PBXGroup;
			children = (
				FC6FB8E423F30E3400AB0FCF /* BasicSubscript.swift */,
				FC6FB8EB23F31A0500AB0FCF /* EscapingSubscript.swift */,
			);
			path = Subscripts;
			sourceTree = "<group>";
		};
		FC6FB8E623F30E7500AB0FCF /* Subscript */ = {
			isa = PBXGroup;
			children = (
				FC6FB8E723F30ED700AB0FCF /* BasicSubscriptsTests.swift */,
				FC6FB8ED23F31A5800AB0FCF /* EscapingSubscriptTests.swift */,
			);
			path = Subscript;
			sourceTree = "<group>";
		};
/* End PBXGroup section */

/* Begin PBXHeadersBuildPhase section */
		9ED78EE4232006E900886FEA /* Headers */ = {
			isa = PBXHeadersBuildPhase;
			buildActionMask = 2147483647;
			files = (
				9ED78EFA232006E900886FEA /* MockSwiftExample.h in Headers */,
			);
			runOnlyForDeploymentPostprocessing = 0;
		};
/* End PBXHeadersBuildPhase section */

/* Begin PBXNativeTarget section */
		9ED78EE8232006E900886FEA /* MockSwiftExample */ = {
			isa = PBXNativeTarget;
			buildConfigurationList = 9ED78EFD232006E900886FEA /* Build configuration list for PBXNativeTarget "MockSwiftExample" */;
			buildPhases = (
				9ED78EE4232006E900886FEA /* Headers */,
				9ED78EE5232006E900886FEA /* Sources */,
				9ED78EE6232006E900886FEA /* Frameworks */,
				9ED78EE7232006E900886FEA /* Resources */,
			);
			buildRules = (
			);
			dependencies = (
			);
			name = MockSwiftExample;
			productName = MockSwiftExample;
			productReference = 9ED78EE9232006E900886FEA /* MockSwiftExample.framework */;
			productType = "com.apple.product-type.framework";
		};
		9ED78EF1232006E900886FEA /* MockSwiftExampleTests */ = {
			isa = PBXNativeTarget;
			buildConfigurationList = 9ED78F00232006E900886FEA /* Build configuration list for PBXNativeTarget "MockSwiftExampleTests" */;
			buildPhases = (
				9E7C0AFB2320113A0061BD9B /* Sourcery */,
				9ED78EEE232006E900886FEA /* Sources */,
				9ED78EEF232006E900886FEA /* Frameworks */,
				9ED78EF0232006E900886FEA /* Resources */,
			);
			buildRules = (
			);
			dependencies = (
				9ED78EF5232006E900886FEA /* PBXTargetDependency */,
			);
			name = MockSwiftExampleTests;
			productName = MockSwiftExampleTests;
			productReference = 9ED78EF2232006E900886FEA /* MockSwiftExampleTests.xctest */;
			productType = "com.apple.product-type.bundle.unit-test";
		};
/* End PBXNativeTarget section */

/* Begin PBXProject section */
		9ED78EE0232006E900886FEA /* Project object */ = {
			isa = PBXProject;
			attributes = {
				LastSwiftUpdateCheck = 1100;
				LastUpgradeCheck = 1100;
				ORGANIZATIONNAME = "jordhan leoture";
				TargetAttributes = {
					9ED78EE8232006E900886FEA = {
						CreatedOnToolsVersion = 11.0;
						LastSwiftMigration = 1100;
					};
					9ED78EF1232006E900886FEA = {
						CreatedOnToolsVersion = 11.0;
					};
				};
			};
			buildConfigurationList = 9ED78EE3232006E900886FEA /* Build configuration list for PBXProject "MockSwiftExample" */;
			compatibilityVersion = "Xcode 9.3";
			developmentRegion = en;
			hasScannedForEncodings = 0;
			knownRegions = (
				en,
				Base,
			);
			mainGroup = 9ED78EDF232006E900886FEA;
			productRefGroup = 9ED78EEA232006E900886FEA /* Products */;
			projectDirPath = "";
			projectRoot = "";
			targets = (
				9ED78EE8232006E900886FEA /* MockSwiftExample */,
				9ED78EF1232006E900886FEA /* MockSwiftExampleTests */,
			);
		};
/* End PBXProject section */

/* Begin PBXResourcesBuildPhase section */
		9ED78EE7232006E900886FEA /* Resources */ = {
			isa = PBXResourcesBuildPhase;
			buildActionMask = 2147483647;
			files = (
			);
			runOnlyForDeploymentPostprocessing = 0;
		};
		9ED78EF0232006E900886FEA /* Resources */ = {
			isa = PBXResourcesBuildPhase;
			buildActionMask = 2147483647;
			files = (
			);
			runOnlyForDeploymentPostprocessing = 0;
		};
/* End PBXResourcesBuildPhase section */

/* Begin PBXShellScriptBuildPhase section */
		9E7C0AFB2320113A0061BD9B /* Sourcery */ = {
			isa = PBXShellScriptBuildPhase;
			buildActionMask = 2147483647;
			files = (
			);
			inputFileListPaths = (
			);
			inputPaths = (
			);
			name = Sourcery;
			outputFileListPaths = (
			);
			outputPaths = (
			);
			runOnlyForDeploymentPostprocessing = 0;
			shellPath = /bin/sh;
			shellScript = "sourcery \\\n--sources MockSwiftExample \\\n--templates ../Templates/MockSwift.stencil \\\n--output MockSwiftExampleTests/Generated/GeneratedMocks.swift \\\n--args module=MockSwiftExample\n";
		};
/* End PBXShellScriptBuildPhase section */

/* Begin PBXSourcesBuildPhase section */
		9ED78EE5232006E900886FEA /* Sources */ = {
			isa = PBXSourcesBuildPhase;
			buildActionMask = 2147483647;
			files = (
				FC6FB8E523F30E3400AB0FCF /* BasicSubscript.swift in Sources */,
				FC6FB8EC23F31A0500AB0FCF /* EscapingSubscript.swift in Sources */,
				FC75744523A6686900B5064C /* Properties.swift in Sources */,
				9E7C0B00232013420061BD9B /* Basics.swift in Sources */,
				9E5A50F12364B321003D01BE /* Escaping.swift in Sources */,
				9E0F3438235A53C0004231C0 /* Generics.swift in Sources */,
			);
			runOnlyForDeploymentPostprocessing = 0;
		};
		9ED78EEE232006E900886FEA /* Sources */ = {
			isa = PBXSourcesBuildPhase;
			buildActionMask = 2147483647;
			files = (
				FC6FB8E823F30ED700AB0FCF /* BasicSubscriptsTests.swift in Sources */,
				9E0F343A235A53D5004231C0 /* GenericsTests.swift in Sources */,
				9ED78EF8232006E900886FEA /* BasicsTests.swift in Sources */,
				9E7C0AFE232012210061BD9B /* GeneratedMocks.swift in Sources */,
				FC75744723A668FC00B5064C /* PropertiesTests.swift in Sources */,
				9E5A50F32364B32E003D01BE /* EscapingTests.swift in Sources */,
				FC6FB8EE23F31A5800AB0FCF /* EscapingSubscriptTests.swift in Sources */,
			);
			runOnlyForDeploymentPostprocessing = 0;
		};
/* End PBXSourcesBuildPhase section */

/* Begin PBXTargetDependency section */
		9ED78EF5232006E900886FEA /* PBXTargetDependency */ = {
			isa = PBXTargetDependency;
			target = 9ED78EE8232006E900886FEA /* MockSwiftExample */;
			targetProxy = 9ED78EF4232006E900886FEA /* PBXContainerItemProxy */;
		};
/* End PBXTargetDependency section */

/* Begin XCBuildConfiguration section */
		9ED78EFB232006E900886FEA /* Debug */ = {
			isa = XCBuildConfiguration;
			buildSettings = {
				ALWAYS_SEARCH_USER_PATHS = NO;
				CLANG_ANALYZER_NONNULL = YES;
				CLANG_ANALYZER_NUMBER_OBJECT_CONVERSION = YES_AGGRESSIVE;
				CLANG_CXX_LANGUAGE_STANDARD = "gnu++14";
				CLANG_CXX_LIBRARY = "libc++";
				CLANG_ENABLE_MODULES = YES;
				CLANG_ENABLE_OBJC_ARC = YES;
				CLANG_ENABLE_OBJC_WEAK = YES;
				CLANG_WARN_BLOCK_CAPTURE_AUTORELEASING = YES;
				CLANG_WARN_BOOL_CONVERSION = YES;
				CLANG_WARN_COMMA = YES;
				CLANG_WARN_CONSTANT_CONVERSION = YES;
				CLANG_WARN_DEPRECATED_OBJC_IMPLEMENTATIONS = YES;
				CLANG_WARN_DIRECT_OBJC_ISA_USAGE = YES_ERROR;
				CLANG_WARN_DOCUMENTATION_COMMENTS = YES;
				CLANG_WARN_EMPTY_BODY = YES;
				CLANG_WARN_ENUM_CONVERSION = YES;
				CLANG_WARN_INFINITE_RECURSION = YES;
				CLANG_WARN_INT_CONVERSION = YES;
				CLANG_WARN_NON_LITERAL_NULL_CONVERSION = YES;
				CLANG_WARN_OBJC_IMPLICIT_RETAIN_SELF = YES;
				CLANG_WARN_OBJC_LITERAL_CONVERSION = YES;
				CLANG_WARN_OBJC_ROOT_CLASS = YES_ERROR;
				CLANG_WARN_RANGE_LOOP_ANALYSIS = YES;
				CLANG_WARN_STRICT_PROTOTYPES = YES;
				CLANG_WARN_SUSPICIOUS_MOVE = YES;
				CLANG_WARN_UNGUARDED_AVAILABILITY = YES_AGGRESSIVE;
				CLANG_WARN_UNREACHABLE_CODE = YES;
				CLANG_WARN__DUPLICATE_METHOD_MATCH = YES;
				COPY_PHASE_STRIP = NO;
				CURRENT_PROJECT_VERSION = 1;
				DEBUG_INFORMATION_FORMAT = dwarf;
				ENABLE_STRICT_OBJC_MSGSEND = YES;
				ENABLE_TESTABILITY = YES;
				GCC_C_LANGUAGE_STANDARD = gnu11;
				GCC_DYNAMIC_NO_PIC = NO;
				GCC_NO_COMMON_BLOCKS = YES;
				GCC_OPTIMIZATION_LEVEL = 0;
				GCC_PREPROCESSOR_DEFINITIONS = (
					"DEBUG=1",
					"$(inherited)",
				);
				GCC_WARN_64_TO_32_BIT_CONVERSION = YES;
				GCC_WARN_ABOUT_RETURN_TYPE = YES_ERROR;
				GCC_WARN_UNDECLARED_SELECTOR = YES;
				GCC_WARN_UNINITIALIZED_AUTOS = YES_AGGRESSIVE;
				GCC_WARN_UNUSED_FUNCTION = YES;
				GCC_WARN_UNUSED_VARIABLE = YES;
				IPHONEOS_DEPLOYMENT_TARGET = 13.0;
				MTL_ENABLE_DEBUG_INFO = INCLUDE_SOURCE;
				MTL_FAST_MATH = YES;
				ONLY_ACTIVE_ARCH = YES;
				SDKROOT = iphoneos;
				SWIFT_ACTIVE_COMPILATION_CONDITIONS = DEBUG;
				SWIFT_OPTIMIZATION_LEVEL = "-Onone";
				VERSIONING_SYSTEM = "apple-generic";
				VERSION_INFO_PREFIX = "";
			};
			name = Debug;
		};
		9ED78EFC232006E900886FEA /* Release */ = {
			isa = XCBuildConfiguration;
			buildSettings = {
				ALWAYS_SEARCH_USER_PATHS = NO;
				CLANG_ANALYZER_NONNULL = YES;
				CLANG_ANALYZER_NUMBER_OBJECT_CONVERSION = YES_AGGRESSIVE;
				CLANG_CXX_LANGUAGE_STANDARD = "gnu++14";
				CLANG_CXX_LIBRARY = "libc++";
				CLANG_ENABLE_MODULES = YES;
				CLANG_ENABLE_OBJC_ARC = YES;
				CLANG_ENABLE_OBJC_WEAK = YES;
				CLANG_WARN_BLOCK_CAPTURE_AUTORELEASING = YES;
				CLANG_WARN_BOOL_CONVERSION = YES;
				CLANG_WARN_COMMA = YES;
				CLANG_WARN_CONSTANT_CONVERSION = YES;
				CLANG_WARN_DEPRECATED_OBJC_IMPLEMENTATIONS = YES;
				CLANG_WARN_DIRECT_OBJC_ISA_USAGE = YES_ERROR;
				CLANG_WARN_DOCUMENTATION_COMMENTS = YES;
				CLANG_WARN_EMPTY_BODY = YES;
				CLANG_WARN_ENUM_CONVERSION = YES;
				CLANG_WARN_INFINITE_RECURSION = YES;
				CLANG_WARN_INT_CONVERSION = YES;
				CLANG_WARN_NON_LITERAL_NULL_CONVERSION = YES;
				CLANG_WARN_OBJC_IMPLICIT_RETAIN_SELF = YES;
				CLANG_WARN_OBJC_LITERAL_CONVERSION = YES;
				CLANG_WARN_OBJC_ROOT_CLASS = YES_ERROR;
				CLANG_WARN_RANGE_LOOP_ANALYSIS = YES;
				CLANG_WARN_STRICT_PROTOTYPES = YES;
				CLANG_WARN_SUSPICIOUS_MOVE = YES;
				CLANG_WARN_UNGUARDED_AVAILABILITY = YES_AGGRESSIVE;
				CLANG_WARN_UNREACHABLE_CODE = YES;
				CLANG_WARN__DUPLICATE_METHOD_MATCH = YES;
				COPY_PHASE_STRIP = NO;
				CURRENT_PROJECT_VERSION = 1;
				DEBUG_INFORMATION_FORMAT = "dwarf-with-dsym";
				ENABLE_NS_ASSERTIONS = NO;
				ENABLE_STRICT_OBJC_MSGSEND = YES;
				GCC_C_LANGUAGE_STANDARD = gnu11;
				GCC_NO_COMMON_BLOCKS = YES;
				GCC_WARN_64_TO_32_BIT_CONVERSION = YES;
				GCC_WARN_ABOUT_RETURN_TYPE = YES_ERROR;
				GCC_WARN_UNDECLARED_SELECTOR = YES;
				GCC_WARN_UNINITIALIZED_AUTOS = YES_AGGRESSIVE;
				GCC_WARN_UNUSED_FUNCTION = YES;
				GCC_WARN_UNUSED_VARIABLE = YES;
				IPHONEOS_DEPLOYMENT_TARGET = 13.0;
				MTL_ENABLE_DEBUG_INFO = NO;
				MTL_FAST_MATH = YES;
				SDKROOT = iphoneos;
				SWIFT_COMPILATION_MODE = wholemodule;
				SWIFT_OPTIMIZATION_LEVEL = "-O";
				VALIDATE_PRODUCT = YES;
				VERSIONING_SYSTEM = "apple-generic";
				VERSION_INFO_PREFIX = "";
			};
			name = Release;
		};
		9ED78EFE232006E900886FEA /* Debug */ = {
			isa = XCBuildConfiguration;
			buildSettings = {
				CLANG_ENABLE_MODULES = YES;
				CODE_SIGN_STYLE = Automatic;
				DEFINES_MODULE = YES;
				DEVELOPMENT_TEAM = VFBUQ866W5;
				DYLIB_COMPATIBILITY_VERSION = 1;
				DYLIB_CURRENT_VERSION = 1;
				DYLIB_INSTALL_NAME_BASE = "@rpath";
				INFOPLIST_FILE = MockSwiftExample/Info.plist;
				INSTALL_PATH = "$(LOCAL_LIBRARY_DIR)/Frameworks";
				LD_RUNPATH_SEARCH_PATHS = (
					"$(inherited)",
					"@executable_path/Frameworks",
					"@loader_path/Frameworks",
				);
				PRODUCT_BUNDLE_IDENTIFIER = "com.jordhan-leoture.MockSwiftExample";
				PRODUCT_NAME = "$(TARGET_NAME:c99extidentifier)";
				SKIP_INSTALL = YES;
				SUPPORTS_MACCATALYST = NO;
				SWIFT_OPTIMIZATION_LEVEL = "-Onone";
				SWIFT_VERSION = 5.0;
				TARGETED_DEVICE_FAMILY = "1,2";
			};
			name = Debug;
		};
		9ED78EFF232006E900886FEA /* Release */ = {
			isa = XCBuildConfiguration;
			buildSettings = {
				CLANG_ENABLE_MODULES = YES;
				CODE_SIGN_STYLE = Automatic;
				DEFINES_MODULE = YES;
				DEVELOPMENT_TEAM = VFBUQ866W5;
				DYLIB_COMPATIBILITY_VERSION = 1;
				DYLIB_CURRENT_VERSION = 1;
				DYLIB_INSTALL_NAME_BASE = "@rpath";
				INFOPLIST_FILE = MockSwiftExample/Info.plist;
				INSTALL_PATH = "$(LOCAL_LIBRARY_DIR)/Frameworks";
				LD_RUNPATH_SEARCH_PATHS = (
					"$(inherited)",
					"@executable_path/Frameworks",
					"@loader_path/Frameworks",
				);
				PRODUCT_BUNDLE_IDENTIFIER = "com.jordhan-leoture.MockSwiftExample";
				PRODUCT_NAME = "$(TARGET_NAME:c99extidentifier)";
				SKIP_INSTALL = YES;
				SUPPORTS_MACCATALYST = NO;
				SWIFT_VERSION = 5.0;
				TARGETED_DEVICE_FAMILY = "1,2";
			};
			name = Release;
		};
		9ED78F01232006E900886FEA /* Debug */ = {
			isa = XCBuildConfiguration;
			buildSettings = {
				ALWAYS_EMBED_SWIFT_STANDARD_LIBRARIES = YES;
				CODE_SIGN_STYLE = Automatic;
				DEVELOPMENT_TEAM = VFBUQ866W5;
				INFOPLIST_FILE = MockSwiftExampleTests/Info.plist;
				LD_RUNPATH_SEARCH_PATHS = (
					"$(inherited)",
					"@executable_path/Frameworks",
					"@loader_path/Frameworks",
				);
				PRODUCT_BUNDLE_IDENTIFIER = "com.jordhan-leoture.MockSwiftExampleTests";
				PRODUCT_NAME = "$(TARGET_NAME)";
				SUPPORTS_MACCATALYST = NO;
				SWIFT_VERSION = 5.0;
				TARGETED_DEVICE_FAMILY = "1,2";
			};
			name = Debug;
		};
		9ED78F02232006E900886FEA /* Release */ = {
			isa = XCBuildConfiguration;
			buildSettings = {
				ALWAYS_EMBED_SWIFT_STANDARD_LIBRARIES = YES;
				CODE_SIGN_STYLE = Automatic;
				DEVELOPMENT_TEAM = VFBUQ866W5;
				INFOPLIST_FILE = MockSwiftExampleTests/Info.plist;
				LD_RUNPATH_SEARCH_PATHS = (
					"$(inherited)",
					"@executable_path/Frameworks",
					"@loader_path/Frameworks",
				);
				PRODUCT_BUNDLE_IDENTIFIER = "com.jordhan-leoture.MockSwiftExampleTests";
				PRODUCT_NAME = "$(TARGET_NAME)";
				SUPPORTS_MACCATALYST = NO;
				SWIFT_VERSION = 5.0;
				TARGETED_DEVICE_FAMILY = "1,2";
			};
			name = Release;
		};
/* End XCBuildConfiguration section */

/* Begin XCConfigurationList section */
		9ED78EE3232006E900886FEA /* Build configuration list for PBXProject "MockSwiftExample" */ = {
			isa = XCConfigurationList;
			buildConfigurations = (
				9ED78EFB232006E900886FEA /* Debug */,
				9ED78EFC232006E900886FEA /* Release */,
			);
			defaultConfigurationIsVisible = 0;
			defaultConfigurationName = Release;
		};
		9ED78EFD232006E900886FEA /* Build configuration list for PBXNativeTarget "MockSwiftExample" */ = {
			isa = XCConfigurationList;
			buildConfigurations = (
				9ED78EFE232006E900886FEA /* Debug */,
				9ED78EFF232006E900886FEA /* Release */,
			);
			defaultConfigurationIsVisible = 0;
			defaultConfigurationName = Release;
		};
		9ED78F00232006E900886FEA /* Build configuration list for PBXNativeTarget "MockSwiftExampleTests" */ = {
			isa = XCConfigurationList;
			buildConfigurations = (
				9ED78F01232006E900886FEA /* Debug */,
				9ED78F02232006E900886FEA /* Release */,
			);
			defaultConfigurationIsVisible = 0;
			defaultConfigurationName = Release;
		};
/* End XCConfigurationList section */
	};
	rootObject = 9ED78EE0232006E900886FEA /* Project object */;
}
